
Microsoft Visual Studio Solution File, Format Version 12.00
# Visual Studio Version 17
VisualStudioVersion = 17.7.34031.279
MinimumVisualStudioVersion = 10.0.40219.1
Project("{FAE04EC0-301F-11D3-BF4B-00C04F79EFBC}") = "CB", "CB\CB.csproj", "{75652492-FFEA-4B88-959E-DDF836FDDEB6}"
EndProject
Global
	GlobalSection(SolutionConfigurationPlatforms) = preSolution
		Debug|Any CPU = Debug|Any CPU
		Release|Any CPU = Release|Any CPU
	EndGlobalSection
	GlobalSection(ProjectConfigurationPlatforms) = postSolution
		{75652492-FFEA-4B88-959E-DDF836FDDEB6}.Debug|Any CPU.ActiveCfg = Debug|Any CPU
		{75652492-FFEA-4B88-959E-DDF836FDDEB6}.Debug|Any CPU.Build.0 = Debug|Any CPU
		{75652492-FFEA-4B88-959E-DDF836FDDEB6}.Release|Any CPU.ActiveCfg = Release|Any CPU
		{75652492-FFEA-4B88-959E-DDF836FDDEB6}.Release|Any CPU.Build.0 = Release|Any CPU
	EndGlobalSection
	GlobalSection(SolutionProperties) = preSolution
		HideSolutionNode = FALSE
	EndGlobalSection
	GlobalSection(ExtensibilityGlobals) = postSolution
		SolutionGuid = {CF4F28D9-7017-46F7-B2A1-B067E3CF8B87}
	EndGlobalSection
EndGlobal
